
Microsoft Visual Studio Solution File, Format Version 12.00
# Visual Studio Version 17
VisualStudioVersion = 17.5.33502.453
MinimumVisualStudioVersion = 10.0.40219.1
Project("{9A19103F-16F7-4668-BE54-9A1E7A4F7556}") = "Application", "Application\Application.csproj", "{27443C47-A79B-4568-8E65-BE9EADB80066}"
EndProject
Project("{9A19103F-16F7-4668-BE54-9A1E7A4F7556}") = "Domain", "Domain\Domain.csproj", "{33E7F4F5-052A-45CE-A4C0-5BFA0A5F4FAE}"
EndProject
Project("{9A19103F-16F7-4668-BE54-9A1E7A4F7556}") = "Infrastructure", "Infrastructure\Infrastructure.csproj", "{3A4AEACB-0BA6-4F6A-A3D8-BEA03261E34E}"
EndProject
Project("{9A19103F-16F7-4668-BE54-9A1E7A4F7556}") = "IoC", "IoC\IoC.csproj", "{65E78B06-1F37-40E0-8DC0-1BE8FB2C696E}"
EndProject
Project("{9A19103F-16F7-4668-BE54-9A1E7A4F7556}") = "WebAPI", "WebAPI\WebAPI.csproj", "{28BEE4EB-1E23-4DD8-B419-D23712A1D311}"
EndProject
Global
	GlobalSection(SolutionConfigurationPlatforms) = preSolution
		Debug|Any CPU = Debug|Any CPU
		Release|Any CPU = Release|Any CPU
	EndGlobalSection
	GlobalSection(ProjectConfigurationPlatforms) = postSolution
		{27443C47-A79B-4568-8E65-BE9EADB80066}.Debug|Any CPU.ActiveCfg = Debug|Any CPU
		{27443C47-A79B-4568-8E65-BE9EADB80066}.Debug|Any CPU.Build.0 = Debug|Any CPU
		{27443C47-A79B-4568-8E65-BE9EADB80066}.Release|Any CPU.ActiveCfg = Release|Any CPU
		{27443C47-A79B-4568-8E65-BE9EADB80066}.Release|Any CPU.Build.0 = Release|Any CPU
		{33E7F4F5-052A-45CE-A4C0-5BFA0A5F4FAE}.Debug|Any CPU.ActiveCfg = Debug|Any CPU
		{33E7F4F5-052A-45CE-A4C0-5BFA0A5F4FAE}.Debug|Any CPU.Build.0 = Debug|Any CPU
		{33E7F4F5-052A-45CE-A4C0-5BFA0A5F4FAE}.Release|Any CPU.ActiveCfg = Release|Any CPU
		{33E7F4F5-052A-45CE-A4C0-5BFA0A5F4FAE}.Release|Any CPU.Build.0 = Release|Any CPU
		{3A4AEACB-0BA6-4F6A-A3D8-BEA03261E34E}.Debug|Any CPU.ActiveCfg = Debug|Any CPU
		{3A4AEACB-0BA6-4F6A-A3D8-BEA03261E34E}.Debug|Any CPU.Build.0 = Debug|Any CPU
		{3A4AEACB-0BA6-4F6A-A3D8-BEA03261E34E}.Release|Any CPU.ActiveCfg = Release|Any CPU
		{3A4AEACB-0BA6-4F6A-A3D8-BEA03261E34E}.Release|Any CPU.Build.0 = Release|Any CPU
		{65E78B06-1F37-40E0-8DC0-1BE8FB2C696E}.Debug|Any CPU.ActiveCfg = Debug|Any CPU
		{65E78B06-1F37-40E0-8DC0-1BE8FB2C696E}.Debug|Any CPU.Build.0 = Debug|Any CPU
		{65E78B06-1F37-40E0-8DC0-1BE8FB2C696E}.Release|Any CPU.ActiveCfg = Release|Any CPU
		{65E78B06-1F37-40E0-8DC0-1BE8FB2C696E}.Release|Any CPU.Build.0 = Release|Any CPU
		{28BEE4EB-1E23-4DD8-B419-D23712A1D311}.Debug|Any CPU.ActiveCfg = Debug|Any CPU
		{28BEE4EB-1E23-4DD8-B419-D23712A1D311}.Debug|Any CPU.Build.0 = Debug|Any CPU
		{28BEE4EB-1E23-4DD8-B419-D23712A1D311}.Release|Any CPU.ActiveCfg = Release|Any CPU
		{28BEE4EB-1E23-4DD8-B419-D23712A1D311}.Release|Any CPU.Build.0 = Release|Any CPU
	EndGlobalSection
	GlobalSection(SolutionProperties) = preSolution
		HideSolutionNode = FALSE
	EndGlobalSection
	GlobalSection(ExtensibilityGlobals) = postSolution
		SolutionGuid = {166AB5C5-1754-4646-B733-96EAE0CDF384}
	EndGlobalSection
EndGlobal
